
Microsoft Visual Studio Solution File, Format Version 12.00
# Visual Studio Version 17
VisualStudioVersion = 17.7.34221.43
MinimumVisualStudioVersion = 10.0.40219.1
Project("{FAE04EC0-301F-11D3-BF4B-00C04F79EFBC}") = "CultivationGame", "CultivationGame\CultivationGame.csproj", "{D98A790D-1EBF-4CF4-BB10-7B29C61FD55D}"
EndProject
Global
	GlobalSection(SolutionConfigurationPlatforms) = preSolution
		Debug|Any CPU = Debug|Any CPU
		Release|Any CPU = Release|Any CPU
	EndGlobalSection
	GlobalSection(ProjectConfigurationPlatforms) = postSolution
		{D98A790D-1EBF-4CF4-BB10-7B29C61FD55D}.Debug|Any CPU.ActiveCfg = Debug|Any CPU
		{D98A790D-1EBF-4CF4-BB10-7B29C61FD55D}.Debug|Any CPU.Build.0 = Debug|Any CPU
		{D98A790D-1EBF-4CF4-BB10-7B29C61FD55D}.Release|Any CPU.ActiveCfg = Release|Any CPU
		{D98A790D-1EBF-4CF4-BB10-7B29C61FD55D}.Release|Any CPU.Build.0 = Release|Any CPU
	EndGlobalSection
	GlobalSection(SolutionProperties) = preSolution
		HideSolutionNode = FALSE
	EndGlobalSection
	GlobalSection(ExtensibilityGlobals) = postSolution
		SolutionGuid = {E678E69D-938E-4FD8-99CF-FF1203A3A9D0}
	EndGlobalSection
EndGlobal
